{
  "pins" : [
    {
      "identity" : "raylib",
      "kind" : "remoteSourceControl",
      "location" : "https://github.com/STREGAsGate/Raylib.git",
      "state" : {
        "branch" : "master",
        "revision" : "87da4bfba7a283c83c128186bd5d4b21beb38653"
      }
    }
  ],
  "version" : 2
}
